schema: '2.0'
stages:
  data_load:
    cmd: python src/stages/data_load.py --config=params.yaml
    deps:
    - path: src/stages/data_load.py
      md5: 7b1469f70c271206a6b020b538621195
      size: 1112
    params:
      params.yaml:
        base:
          random_state: 42
          log_level: INFO
        data_load:
          dataset_csv: data/raw/iris.csv
          random_state: 49
    outs:
    - path: data/raw/iris.csv
      md5: 56915049d93db29c9044d1083ddb5c01
      size: 2757
  featurize:
    cmd: python src/stages/featurize.py --config=params.yaml
    deps:
    - path: data/raw/iris.csv
      md5: 56915049d93db29c9044d1083ddb5c01
      size: 2757
    - path: src/stages/featurize.py
      md5: fa1ec29f6ff564a3e3d305aea118be81
      size: 1292
    params:
      params.yaml:
        base:
          random_state: 42
          log_level: INFO
        data_load:
          dataset_csv: data/raw/iris.csv
          random_state: 49
        featurize:
          features_path: data/processed/featured_iris.csv
          target_column: target
    outs:
    - path: data/processed/featured_iris.csv
      md5: 61ec949ce184693dce219f775b4f6481
      size: 7260
  data_split:
    cmd: python src/stages/data_split.py --config=params.yaml
    deps:
    - path: data/processed/featured_iris.csv
      md5: 61ec949ce184693dce219f775b4f6481
      size: 7260
    - path: src/stages/data_split.py
      md5: 8dfe312ff90160af2ff57f15ac8cb829
      size: 1298
    params:
      params.yaml:
        base:
          random_state: 42
          log_level: INFO
        data_split:
          test_size: 0.2
          trainset_path: data/processed/train_iris.csv
          testset_path: data/processed/test_iris.csv
        featurize:
          features_path: data/processed/featured_iris.csv
          target_column: target
    outs:
    - path: data/processed/test_iris.csv
      md5: b04c9f5862a09216d94020c9ab3f4fa5
      size: 1578
    - path: data/processed/train_iris.csv
      md5: 775b019685dd7b0706cad92a7e1b7bdf
      size: 5638
  train:
    cmd: python src/stages/train.py --config=params.yaml
    deps:
    - path: data/processed/train_iris.csv
      md5: 775b019685dd7b0706cad92a7e1b7bdf
      size: 5638
    - path: src/stages/train.py
      md5: 0f01f271bc8169c69ce724f19eacde07
      size: 1371
    params:
      params.yaml:
        base:
          random_state: 42
          log_level: INFO
        data_split.trainset_path: data/processed/train_iris.csv
        featurize.target_column: target
        train:
          cv: 3
          estimator_name: logreg
          estimators:
            logreg:
              param_grid:
                C:
                - 0.2
                max_iter:
                - 100
                solver:
                - lbfgs
                multi_class:
                - multinomial
            svm:
              param_grid:
                C:
                - 0.1
                - 1.0
                kernel:
                - rbf
                - linear
                gamma:
                - scale
                degree:
                - 3
                - 5
          model_path: models/model.joblib
    outs:
    - path: models/model.joblib
      md5: a849cef2eb1bbe9f00572ae848fab516
      size: 2669
  evaluate:
    cmd: python src/stages/evaluate.py --config=params.yaml
    deps:
    - path: data/processed/test_iris.csv
      md5: b04c9f5862a09216d94020c9ab3f4fa5
      size: 1578
    - path: models/model.joblib
      md5: a849cef2eb1bbe9f00572ae848fab516
      size: 2669
    - path: src/stages/evaluate.py
      md5: 5589d607ffe0a7e4d82084b7377c9c78
      size: 3148
    params:
      params.yaml:
        base:
          random_state: 42
          log_level: INFO
        data_split.testset_path: data/processed/test_iris.csv
        evaluate:
          reports_dir: reports
          metrics_file: metrics.json
          confusion_matrix_image: confusion_matrix.png
          confusion_matrix_data: confusion_matrix_data.csv
        featurize.target_column: target
    outs:
    - path: reports/confusion_matrix.png
      md5: 18638ae54d6dc03db9f3b6224e244656
      size: 25332
    - path: reports/confusion_matrix_data.csv
      md5: 26f599b1db514cab6b353559eedc4561
      size: 558
    - path: reports/metrics.json
      md5: b53f1bff31635b2030be3a8a4d8b83d5
      size: 31
