schema: '2.0'
stages:
  data_load:
    cmd: python src/stages/data_load.py --config=params.yaml
    deps:
    - path: src/stages/data_load.py
      md5: 7b1469f70c271206a6b020b538621195
      size: 1112
    params:
      params.yaml:
        base:
          random_state: 42
          log_level: INFO
        data_load:
          dataset_csv: data/raw/iris.csv
          random_state: 789456
    outs:
    - path: data/raw/iris.csv
      md5: 37e8ec196a7aaec78f8eb4485def35f1
      size: 2757
  featurize:
    cmd: python src/stages/featurize.py --config=params.yaml
    deps:
    - path: data/raw/iris.csv
      md5: 37e8ec196a7aaec78f8eb4485def35f1
      size: 2757
    - path: src/stages/featurize.py
      md5: fa1ec29f6ff564a3e3d305aea118be81
      size: 1292
    params:
      params.yaml:
        base:
          random_state: 42
          log_level: INFO
        data_load:
          dataset_csv: data/raw/iris.csv
          random_state: 789456
        featurize:
          features_path: data/processed/featured_iris.csv
          target_column: target
    outs:
    - path: data/processed/featured_iris.csv
      md5: 5ab2105a7fac5cd484949884acc1e1c8
      size: 7260
  data_split:
    cmd: python src/stages/data_split.py --config=params.yaml
    deps:
    - path: data/processed/featured_iris.csv
      md5: 5ab2105a7fac5cd484949884acc1e1c8
      size: 7260
    - path: src/stages/data_split.py
      md5: 8dfe312ff90160af2ff57f15ac8cb829
      size: 1298
    params:
      params.yaml:
        base:
          random_state: 42
          log_level: INFO
        data_split:
          test_size: 0.2
          trainset_path: data/processed/train_iris.csv
          testset_path: data/processed/test_iris.csv
        featurize:
          features_path: data/processed/featured_iris.csv
          target_column: target
    outs:
    - path: data/processed/test_iris.csv
      md5: fa907e5d78e1400eb46361d3b139aa02
      size: 1494
    - path: data/processed/train_iris.csv
      md5: 3fac88dabaadefe4b3d2f9f2a40dfaf8
      size: 5722
  train:
    cmd: python src/stages/train.py --config=params.yaml
    deps:
    - path: data/processed/train_iris.csv
      md5: 3fac88dabaadefe4b3d2f9f2a40dfaf8
      size: 5722
    - path: src/stages/train.py
      md5: 0f01f271bc8169c69ce724f19eacde07
      size: 1371
    params:
      params.yaml:
        base:
          random_state: 42
          log_level: INFO
        data_split.trainset_path: data/processed/train_iris.csv
        featurize.target_column: target
        train:
          cv: 3
          estimator_name: logreg
          estimators:
            logreg:
              param_grid:
                C:
                - 0.2
                max_iter:
                - 100
                solver:
                - lbfgs
                multi_class:
                - multinomial
            svm:
              param_grid:
                C:
                - 0.1
                - 1.0
                kernel:
                - rbf
                - linear
                gamma:
                - scale
                degree:
                - 3
                - 5
          model_path: models/model.joblib
    outs:
    - path: models/model.joblib
      md5: 2ea18d4819f7954409c7c1bbe2728ea0
      size: 2669
  evaluate:
    cmd: python src/stages/evaluate.py --config=params.yaml
    deps:
    - path: data/processed/test_iris.csv
      md5: fa907e5d78e1400eb46361d3b139aa02
      size: 1494
    - path: models/model.joblib
      md5: 2ea18d4819f7954409c7c1bbe2728ea0
      size: 2669
    - path: src/stages/evaluate.py
      md5: 5589d607ffe0a7e4d82084b7377c9c78
      size: 3148
    params:
      params.yaml:
        base:
          random_state: 42
          log_level: INFO
        data_split.testset_path: data/processed/test_iris.csv
        evaluate:
          reports_dir: reports
          metrics_file: metrics.json
          confusion_matrix_image: confusion_matrix.png
          confusion_matrix_data: confusion_matrix_data.csv
        featurize.target_column: target
    outs:
    - path: reports/confusion_matrix.png
      md5: 1b9f1f9dcebcb03ed21ffe4970f825ed
      size: 24793
    - path: reports/confusion_matrix_data.csv
      md5: 767c4027866b6b504f642c51ee4778b9
      size: 573
    - path: reports/metrics.json
      md5: 3329ba1a6b18407f725a1e25a5500560
      size: 17
