schema: '2.0'
stages:
  data_load:
    cmd: python src/stages/data_load.py --config=params.yaml
    deps:
    - path: src/stages/data_load.py
      md5: 7b1469f70c271206a6b020b538621195
      size: 1112
    params:
      params.yaml:
        base:
          random_state: 42
          log_level: INFO
        data_load:
          dataset_csv: data/raw/iris.csv
          random_state: 41
    outs:
    - path: data/raw/iris.csv
      md5: cb918e0389c21394128b168475ba4113
      size: 2757
  featurize:
    cmd: python src/stages/featurize.py --config=params.yaml
    deps:
    - path: data/raw/iris.csv
      md5: cb918e0389c21394128b168475ba4113
      size: 2757
    - path: src/stages/featurize.py
      md5: fa1ec29f6ff564a3e3d305aea118be81
      size: 1292
    params:
      params.yaml:
        base:
          random_state: 42
          log_level: INFO
        data_load:
          dataset_csv: data/raw/iris.csv
          random_state: 41
        featurize:
          features_path: data/processed/featured_iris.csv
          target_column: target
    outs:
    - path: data/processed/featured_iris.csv
      md5: 7194a51baea5259a21406a947e9cdabd
      size: 7260
  data_split:
    cmd: python src/stages/data_split.py --config=params.yaml
    deps:
    - path: data/processed/featured_iris.csv
      md5: 7194a51baea5259a21406a947e9cdabd
      size: 7260
    - path: src/stages/data_split.py
      md5: 8dfe312ff90160af2ff57f15ac8cb829
      size: 1298
    params:
      params.yaml:
        base:
          random_state: 42
          log_level: INFO
        data_split:
          test_size: 0.2
          trainset_path: data/processed/train_iris.csv
          testset_path: data/processed/test_iris.csv
        featurize:
          features_path: data/processed/featured_iris.csv
          target_column: target
    outs:
    - path: data/processed/test_iris.csv
      md5: e7016bc0caaf18074e9d9af3bbfac648
      size: 1574
    - path: data/processed/train_iris.csv
      md5: a99a256c2bc4f26b24cb9708067172b2
      size: 5642
  train:
    cmd: python src/stages/train.py --config=params.yaml
    deps:
    - path: data/processed/train_iris.csv
      md5: a99a256c2bc4f26b24cb9708067172b2
      size: 5642
    - path: src/stages/train.py
      md5: 0f01f271bc8169c69ce724f19eacde07
      size: 1371
    params:
      params.yaml:
        base:
          random_state: 42
          log_level: INFO
        data_split.trainset_path: data/processed/train_iris.csv
        featurize.target_column: target
        train:
          cv: 3
          estimator_name: logreg
          estimators:
            logreg:
              param_grid:
                C:
                - 0.2
                max_iter:
                - 100
                solver:
                - lbfgs
                multi_class:
                - multinomial
            svm:
              param_grid:
                C:
                - 0.1
                - 1.0
                kernel:
                - rbf
                - linear
                gamma:
                - scale
                degree:
                - 3
                - 5
          model_path: models/model.joblib
    outs:
    - path: models/model.joblib
      md5: 50bfd465ac6aaf691ae8852700c3429e
      size: 2669
  evaluate:
    cmd: python src/stages/evaluate.py --config=params.yaml
    deps:
    - path: data/processed/test_iris.csv
      md5: e7016bc0caaf18074e9d9af3bbfac648
      size: 1574
    - path: models/model.joblib
      md5: 50bfd465ac6aaf691ae8852700c3429e
      size: 2669
    - path: src/stages/evaluate.py
      md5: 5589d607ffe0a7e4d82084b7377c9c78
      size: 3148
    params:
      params.yaml:
        base:
          random_state: 42
          log_level: INFO
        data_split.testset_path: data/processed/test_iris.csv
        evaluate:
          reports_dir: reports
          metrics_file: metrics.json
          confusion_matrix_image: confusion_matrix.png
          confusion_matrix_data: confusion_matrix_data.csv
        featurize.target_column: target
    outs:
    - path: reports/confusion_matrix.png
      md5: a66e74a737ff29af6ead54677d72a55c
      size: 25090
    - path: reports/confusion_matrix_data.csv
      md5: 0a6287959ef6e86d1dea1ec4b370fc76
      size: 559
    - path: reports/metrics.json
      md5: 3329ba1a6b18407f725a1e25a5500560
      size: 17
